
Microsoft Visual Studio Solution File, Format Version 12.00
# Visual Studio Version 16
VisualStudioVersion = 16.0.30611.23
MinimumVisualStudioVersion = 10.0.40219.1
Project("{FAE04EC0-301F-11D3-BF4B-00C04F79EFBC}") = "Promos", "Promos\Promos.csproj", "{A1BE6DE6-9A6E-45BD-B6D2-6156315B90CA}"
EndProject
Global
	GlobalSection(SolutionConfigurationPlatforms) = preSolution
		Debug|Any CPU = Debug|Any CPU
		Release|Any CPU = Release|Any CPU
	EndGlobalSection
	GlobalSection(ProjectConfigurationPlatforms) = postSolution
		{A1BE6DE6-9A6E-45BD-B6D2-6156315B90CA}.Debug|Any CPU.ActiveCfg = Debug|Any CPU
		{A1BE6DE6-9A6E-45BD-B6D2-6156315B90CA}.Debug|Any CPU.Build.0 = Debug|Any CPU
		{A1BE6DE6-9A6E-45BD-B6D2-6156315B90CA}.Release|Any CPU.ActiveCfg = Release|Any CPU
		{A1BE6DE6-9A6E-45BD-B6D2-6156315B90CA}.Release|Any CPU.Build.0 = Release|Any CPU
	EndGlobalSection
	GlobalSection(SolutionProperties) = preSolution
		HideSolutionNode = FALSE
	EndGlobalSection
	GlobalSection(ExtensibilityGlobals) = postSolution
		SolutionGuid = {8A881E14-5B49-4DD4-B275-48A5E0FB083E}
	EndGlobalSection
EndGlobal
